
Microsoft Visual Studio Solution File, Format Version 10.00
# Visual Studio 2008
Project("{2150E333-8FDC-42A3-9474-1A3956D46DE8}") = "Template", "Template", "{CFEEDD76-2CC4-44CE-9345-D7E4C0CB5001}"
EndProject
Project("{FAE04EC0-301F-11D3-BF4B-00C04F79EFBC}") = "EugenePetrenko.JournalGenerator", "EugenePetrenko.JournalGenerator\EugenePetrenko.JournalGenerator.csproj", "{F5FAA597-B6EA-4B93-9C50-FEBD820B4613}"
EndProject
Project("{FAE04EC0-301F-11D3-BF4B-00C04F79EFBC}") = "EugenePetrenko.DataModel", "EugenePetrenko.DataModel\EugenePetrenko.DataModel.csproj", "{115CFE1B-1023-42A5-99A0-60E5225F9F0D}"
EndProject
Project("{FAE04EC0-301F-11D3-BF4B-00C04F79EFBC}") = "EugenePetrenko.RFFI", "EugenePetrenko.RFFI\EugenePetrenko.RFFI.csproj", "{C7E2F879-4FBE-49E7-8B6E-3C77136C0F5F}"
EndProject
Project("{FAE04EC0-301F-11D3-BF4B-00C04F79EFBC}") = "NumberEditor", "NumberEditor\NumberEditor.csproj", "{8A2ADDEB-0CD6-4AD4-8FFD-BCA774D666BF}"
EndProject
Global
	GlobalSection(SolutionConfigurationPlatforms) = preSolution
		Debug|Any CPU = Debug|Any CPU
		Release|Any CPU = Release|Any CPU
	EndGlobalSection
	GlobalSection(ProjectConfigurationPlatforms) = postSolution
		{F5FAA597-B6EA-4B93-9C50-FEBD820B4613}.Debug|Any CPU.ActiveCfg = Debug|Any CPU
		{F5FAA597-B6EA-4B93-9C50-FEBD820B4613}.Debug|Any CPU.Build.0 = Debug|Any CPU
		{F5FAA597-B6EA-4B93-9C50-FEBD820B4613}.Release|Any CPU.ActiveCfg = Release|Any CPU
		{F5FAA597-B6EA-4B93-9C50-FEBD820B4613}.Release|Any CPU.Build.0 = Release|Any CPU
		{115CFE1B-1023-42A5-99A0-60E5225F9F0D}.Debug|Any CPU.ActiveCfg = Debug|Any CPU
		{115CFE1B-1023-42A5-99A0-60E5225F9F0D}.Debug|Any CPU.Build.0 = Debug|Any CPU
		{115CFE1B-1023-42A5-99A0-60E5225F9F0D}.Release|Any CPU.ActiveCfg = Release|Any CPU
		{115CFE1B-1023-42A5-99A0-60E5225F9F0D}.Release|Any CPU.Build.0 = Release|Any CPU
		{C7E2F879-4FBE-49E7-8B6E-3C77136C0F5F}.Debug|Any CPU.ActiveCfg = Debug|Any CPU
		{C7E2F879-4FBE-49E7-8B6E-3C77136C0F5F}.Debug|Any CPU.Build.0 = Debug|Any CPU
		{C7E2F879-4FBE-49E7-8B6E-3C77136C0F5F}.Release|Any CPU.ActiveCfg = Release|Any CPU
		{C7E2F879-4FBE-49E7-8B6E-3C77136C0F5F}.Release|Any CPU.Build.0 = Release|Any CPU
		{8A2ADDEB-0CD6-4AD4-8FFD-BCA774D666BF}.Debug|Any CPU.ActiveCfg = Debug|Any CPU
		{8A2ADDEB-0CD6-4AD4-8FFD-BCA774D666BF}.Debug|Any CPU.Build.0 = Debug|Any CPU
		{8A2ADDEB-0CD6-4AD4-8FFD-BCA774D666BF}.Release|Any CPU.ActiveCfg = Release|Any CPU
		{8A2ADDEB-0CD6-4AD4-8FFD-BCA774D666BF}.Release|Any CPU.Build.0 = Release|Any CPU
	EndGlobalSection
	GlobalSection(SolutionProperties) = preSolution
		HideSolutionNode = FALSE
	EndGlobalSection
EndGlobal
