
Microsoft Visual Studio Solution File, Format Version 9.00
# Visual Studio 2005
Project("{FAE04EC0-301F-11D3-BF4B-00C04F79EFBC}") = "patcher", "patcher\patcher.csproj", "{597135EB-0224-4257-9D14-B76196F2FF50}"
EndProject
Global
	GlobalSection(SolutionConfigurationPlatforms) = preSolution
		Debug|Any CPU = Debug|Any CPU
		Release|Any CPU = Release|Any CPU
	EndGlobalSection
	GlobalSection(ProjectConfigurationPlatforms) = postSolution
		{597135EB-0224-4257-9D14-B76196F2FF50}.Debug|Any CPU.ActiveCfg = Debug|Any CPU
		{597135EB-0224-4257-9D14-B76196F2FF50}.Debug|Any CPU.Build.0 = Debug|Any CPU
		{597135EB-0224-4257-9D14-B76196F2FF50}.Release|Any CPU.ActiveCfg = Release|Any CPU
		{597135EB-0224-4257-9D14-B76196F2FF50}.Release|Any CPU.Build.0 = Release|Any CPU
	EndGlobalSection
	GlobalSection(SolutionProperties) = preSolution
		HideSolutionNode = FALSE
	EndGlobalSection
EndGlobal
